
Microsoft Visual Studio Solution File, Format Version 12.00
# Visual Studio 15
VisualStudioVersion = 15.0.27004.2005
MinimumVisualStudioVersion = 10.0.40219.1
Project("{FAE04EC0-301F-11D3-BF4B-00C04F79EFBC}") = "ClientCalcDroid.Android", "ClientCalcDroid\ClientCalcDroid.Android\ClientCalcDroid.Android.csproj", "{2E67114A-1C98-48D1-8DF3-7B1259E26DF9}"
EndProject
Global
	GlobalSection(SolutionConfigurationPlatforms) = preSolution
		Debug|Any CPU = Debug|Any CPU
		Debug|ARM = Debug|ARM
		Debug|iPhone = Debug|iPhone
		Debug|iPhoneSimulator = Debug|iPhoneSimulator
		Debug|x64 = Debug|x64
		Debug|x86 = Debug|x86
		Release|Any CPU = Release|Any CPU
		Release|ARM = Release|ARM
		Release|iPhone = Release|iPhone
		Release|iPhoneSimulator = Release|iPhoneSimulator
		Release|x64 = Release|x64
		Release|x86 = Release|x86
	EndGlobalSection
	GlobalSection(ProjectConfigurationPlatforms) = postSolution
		{2E67114A-1C98-48D1-8DF3-7B1259E26DF9}.Debug|Any CPU.ActiveCfg = Debug|Any CPU
		{2E67114A-1C98-48D1-8DF3-7B1259E26DF9}.Debug|Any CPU.Build.0 = Debug|Any CPU
		{2E67114A-1C98-48D1-8DF3-7B1259E26DF9}.Debug|Any CPU.Deploy.0 = Debug|Any CPU
		{2E67114A-1C98-48D1-8DF3-7B1259E26DF9}.Debug|ARM.ActiveCfg = Debug|Any CPU
		{2E67114A-1C98-48D1-8DF3-7B1259E26DF9}.Debug|ARM.Build.0 = Debug|Any CPU
		{2E67114A-1C98-48D1-8DF3-7B1259E26DF9}.Debug|ARM.Deploy.0 = Debug|Any CPU
		{2E67114A-1C98-48D1-8DF3-7B1259E26DF9}.Debug|iPhone.ActiveCfg = Debug|Any CPU
		{2E67114A-1C98-48D1-8DF3-7B1259E26DF9}.Debug|iPhone.Build.0 = Debug|Any CPU
		{2E67114A-1C98-48D1-8DF3-7B1259E26DF9}.Debug|iPhone.Deploy.0 = Debug|Any CPU
		{2E67114A-1C98-48D1-8DF3-7B1259E26DF9}.Debug|iPhoneSimulator.ActiveCfg = Debug|Any CPU
		{2E67114A-1C98-48D1-8DF3-7B1259E26DF9}.Debug|iPhoneSimulator.Build.0 = Debug|Any CPU
		{2E67114A-1C98-48D1-8DF3-7B1259E26DF9}.Debug|iPhoneSimulator.Deploy.0 = Debug|Any CPU
		{2E67114A-1C98-48D1-8DF3-7B1259E26DF9}.Debug|x64.ActiveCfg = Debug|Any CPU
		{2E67114A-1C98-48D1-8DF3-7B1259E26DF9}.Debug|x64.Build.0 = Debug|Any CPU
		{2E67114A-1C98-48D1-8DF3-7B1259E26DF9}.Debug|x64.Deploy.0 = Debug|Any CPU
		{2E67114A-1C98-48D1-8DF3-7B1259E26DF9}.Debug|x86.ActiveCfg = Debug|Any CPU
		{2E67114A-1C98-48D1-8DF3-7B1259E26DF9}.Debug|x86.Build.0 = Debug|Any CPU
		{2E67114A-1C98-48D1-8DF3-7B1259E26DF9}.Debug|x86.Deploy.0 = Debug|Any CPU
		{2E67114A-1C98-48D1-8DF3-7B1259E26DF9}.Release|Any CPU.ActiveCfg = Release|Any CPU
		{2E67114A-1C98-48D1-8DF3-7B1259E26DF9}.Release|Any CPU.Build.0 = Release|Any CPU
		{2E67114A-1C98-48D1-8DF3-7B1259E26DF9}.Release|Any CPU.Deploy.0 = Release|Any CPU
		{2E67114A-1C98-48D1-8DF3-7B1259E26DF9}.Release|ARM.ActiveCfg = Release|Any CPU
		{2E67114A-1C98-48D1-8DF3-7B1259E26DF9}.Release|ARM.Build.0 = Release|Any CPU
		{2E67114A-1C98-48D1-8DF3-7B1259E26DF9}.Release|ARM.Deploy.0 = Release|Any CPU
		{2E67114A-1C98-48D1-8DF3-7B1259E26DF9}.Release|iPhone.ActiveCfg = Release|Any CPU
		{2E67114A-1C98-48D1-8DF3-7B1259E26DF9}.Release|iPhone.Build.0 = Release|Any CPU
		{2E67114A-1C98-48D1-8DF3-7B1259E26DF9}.Release|iPhone.Deploy.0 = Release|Any CPU
		{2E67114A-1C98-48D1-8DF3-7B1259E26DF9}.Release|iPhoneSimulator.ActiveCfg = Release|Any CPU
		{2E67114A-1C98-48D1-8DF3-7B1259E26DF9}.Release|iPhoneSimulator.Build.0 = Release|Any CPU
		{2E67114A-1C98-48D1-8DF3-7B1259E26DF9}.Release|iPhoneSimulator.Deploy.0 = Release|Any CPU
		{2E67114A-1C98-48D1-8DF3-7B1259E26DF9}.Release|x64.ActiveCfg = Release|Any CPU
		{2E67114A-1C98-48D1-8DF3-7B1259E26DF9}.Release|x64.Build.0 = Release|Any CPU
		{2E67114A-1C98-48D1-8DF3-7B1259E26DF9}.Release|x64.Deploy.0 = Release|Any CPU
		{2E67114A-1C98-48D1-8DF3-7B1259E26DF9}.Release|x86.ActiveCfg = Release|Any CPU
		{2E67114A-1C98-48D1-8DF3-7B1259E26DF9}.Release|x86.Build.0 = Release|Any CPU
		{2E67114A-1C98-48D1-8DF3-7B1259E26DF9}.Release|x86.Deploy.0 = Release|Any CPU
	EndGlobalSection
	GlobalSection(SolutionProperties) = preSolution
		HideSolutionNode = FALSE
	EndGlobalSection
	GlobalSection(ExtensibilityGlobals) = postSolution
		SolutionGuid = {1B7AD077-E873-4AD1-851F-72C9723E33C4}
	EndGlobalSection
EndGlobal
